
Microsoft Visual Studio Solution File, Format Version 12.00
# Visual Studio Version 16
VisualStudioVersion = 16.0.30711.63
MinimumVisualStudioVersion = 10.0.40219.1
Project("{FAE04EC0-301F-11D3-BF4B-00C04F79EFBC}") = "EUTagallamok", "EUTagallamok\EUTagallamok.csproj", "{0719BC6C-E63F-42C6-B4A0-FD6B39934DA0}"
EndProject
Global
	GlobalSection(SolutionConfigurationPlatforms) = preSolution
		Debug|Any CPU = Debug|Any CPU
		Release|Any CPU = Release|Any CPU
	EndGlobalSection
	GlobalSection(ProjectConfigurationPlatforms) = postSolution
		{0719BC6C-E63F-42C6-B4A0-FD6B39934DA0}.Debug|Any CPU.ActiveCfg = Debug|Any CPU
		{0719BC6C-E63F-42C6-B4A0-FD6B39934DA0}.Debug|Any CPU.Build.0 = Debug|Any CPU
		{0719BC6C-E63F-42C6-B4A0-FD6B39934DA0}.Release|Any CPU.ActiveCfg = Release|Any CPU
		{0719BC6C-E63F-42C6-B4A0-FD6B39934DA0}.Release|Any CPU.Build.0 = Release|Any CPU
	EndGlobalSection
	GlobalSection(SolutionProperties) = preSolution
		HideSolutionNode = FALSE
	EndGlobalSection
	GlobalSection(ExtensibilityGlobals) = postSolution
		SolutionGuid = {CEDA23A5-127A-404E-B76A-9A934FAF5745}
	EndGlobalSection
EndGlobal
